
Microsoft Visual Studio Solution File, Format Version 12.00
# Visual Studio Version 17
VisualStudioVersion = 17.9.34728.123
MinimumVisualStudioVersion = 10.0.40219.1
Project("{9A19103F-16F7-4668-BE54-9A1E7A4F7556}") = "DatBan", "DatBan\DatBan.csproj", "{190622B1-8141-40FE-9C41-5118F1F9D906}"
EndProject
Project("{9A19103F-16F7-4668-BE54-9A1E7A4F7556}") = "Domain", "Domain\Domain.csproj", "{A16F248D-2BC2-4902-BC79-363756F637F1}"
EndProject
Project("{9A19103F-16F7-4668-BE54-9A1E7A4F7556}") = "Infrastructure", "Infrastructure\Infrastructure.csproj", "{1C3104CD-9A7D-4EC7-9E83-FE624995FE99}"
EndProject
Project("{9A19103F-16F7-4668-BE54-9A1E7A4F7556}") = "Library", "Library\Library.csproj", "{8766EB7B-A973-40E6-867F-AF1E685121E7}"
EndProject
Project("{FAE04EC0-301F-11D3-BF4B-00C04F79EFBC}") = "EmailService", "EmailApp\EmailService.csproj", "{FEE00C64-EBE6-495A-9AD2-4D391034E797}"
EndProject
Global
	GlobalSection(SolutionConfigurationPlatforms) = preSolution
		Debug|Any CPU = Debug|Any CPU
		Release|Any CPU = Release|Any CPU
	EndGlobalSection
	GlobalSection(ProjectConfigurationPlatforms) = postSolution
		{190622B1-8141-40FE-9C41-5118F1F9D906}.Debug|Any CPU.ActiveCfg = Debug|Any CPU
		{190622B1-8141-40FE-9C41-5118F1F9D906}.Debug|Any CPU.Build.0 = Debug|Any CPU
		{190622B1-8141-40FE-9C41-5118F1F9D906}.Release|Any CPU.ActiveCfg = Release|Any CPU
		{190622B1-8141-40FE-9C41-5118F1F9D906}.Release|Any CPU.Build.0 = Release|Any CPU
		{A16F248D-2BC2-4902-BC79-363756F637F1}.Debug|Any CPU.ActiveCfg = Debug|Any CPU
		{A16F248D-2BC2-4902-BC79-363756F637F1}.Debug|Any CPU.Build.0 = Debug|Any CPU
		{A16F248D-2BC2-4902-BC79-363756F637F1}.Release|Any CPU.ActiveCfg = Release|Any CPU
		{A16F248D-2BC2-4902-BC79-363756F637F1}.Release|Any CPU.Build.0 = Release|Any CPU
		{1C3104CD-9A7D-4EC7-9E83-FE624995FE99}.Debug|Any CPU.ActiveCfg = Debug|Any CPU
		{1C3104CD-9A7D-4EC7-9E83-FE624995FE99}.Debug|Any CPU.Build.0 = Debug|Any CPU
		{1C3104CD-9A7D-4EC7-9E83-FE624995FE99}.Release|Any CPU.ActiveCfg = Release|Any CPU
		{1C3104CD-9A7D-4EC7-9E83-FE624995FE99}.Release|Any CPU.Build.0 = Release|Any CPU
		{8766EB7B-A973-40E6-867F-AF1E685121E7}.Debug|Any CPU.ActiveCfg = Debug|Any CPU
		{8766EB7B-A973-40E6-867F-AF1E685121E7}.Debug|Any CPU.Build.0 = Debug|Any CPU
		{8766EB7B-A973-40E6-867F-AF1E685121E7}.Release|Any CPU.ActiveCfg = Release|Any CPU
		{8766EB7B-A973-40E6-867F-AF1E685121E7}.Release|Any CPU.Build.0 = Release|Any CPU
		{FEE00C64-EBE6-495A-9AD2-4D391034E797}.Debug|Any CPU.ActiveCfg = Debug|Any CPU
		{FEE00C64-EBE6-495A-9AD2-4D391034E797}.Debug|Any CPU.Build.0 = Debug|Any CPU
		{FEE00C64-EBE6-495A-9AD2-4D391034E797}.Release|Any CPU.ActiveCfg = Release|Any CPU
		{FEE00C64-EBE6-495A-9AD2-4D391034E797}.Release|Any CPU.Build.0 = Release|Any CPU
	EndGlobalSection
	GlobalSection(SolutionProperties) = preSolution
		HideSolutionNode = FALSE
	EndGlobalSection
	GlobalSection(ExtensibilityGlobals) = postSolution
		SolutionGuid = {E9AB6468-C7F7-499A-971F-8A27174D395C}
	EndGlobalSection
EndGlobal
